
Microsoft Visual Studio Solution File, Format Version 12.00
# Visual Studio 15
VisualStudioVersion = 15.0.27924.0
MinimumVisualStudioVersion = 10.0.40219.1
Project("{FAE04EC0-301F-11D3-BF4B-00C04F79EFBC}") = "BooksApp-Windows", "BooksApp-Windows\BooksApp-Windows.csproj", "{4D04E56D-3641-40D8-ADAE-3FEEB982C2BC}"
EndProject
Project("{9A19103F-16F7-4668-BE54-9A1E7A4F7556}") = "BooksLib", "BooksLib\BooksLib.csproj", "{6FCAFE96-EFD7-475C-A4F7-B4ECB3B1FB3F}"
EndProject
Project("{FAE04EC0-301F-11D3-BF4B-00C04F79EFBC}") = "BooksApp-WPF", "BooksApp-WPF\BooksApp-WPF.csproj", "{B22D16EC-5E93-42ED-9E37-F473BA6E2B0D}"
EndProject
Project("{FAE04EC0-301F-11D3-BF4B-00C04F79EFBC}") = "BooksApp_Xamarin.Android", "BooksApp_Xamarin\BooksApp_Xamarin.Android\BooksApp_Xamarin.Android.csproj", "{6FEB84FA-EE7D-4B1F-94A5-B7BEAF4D959B}"
EndProject
Project("{FAE04EC0-301F-11D3-BF4B-00C04F79EFBC}") = "BooksApp_Xamarin.iOS", "BooksApp_Xamarin\BooksApp_Xamarin.iOS\BooksApp_Xamarin.iOS.csproj", "{7102D85A-F3CF-4222-A841-2B9AB2AF89F5}"
EndProject
Project("{FAE04EC0-301F-11D3-BF4B-00C04F79EFBC}") = "BooksApp_Xamarin.UWP", "BooksApp_Xamarin\BooksApp_Xamarin.UWP\BooksApp_Xamarin.UWP.csproj", "{0A29ABD5-2F57-4F3C-A3C7-C023C239A4CB}"
EndProject
Project("{FAE04EC0-301F-11D3-BF4B-00C04F79EFBC}") = "BooksApp_Xamarin", "BooksApp_Xamarin\BooksApp_Xamarin\BooksApp_Xamarin.csproj", "{7662AB13-856A-42DE-A735-46A2A87AE3FD}"
EndProject
Global
	GlobalSection(SolutionConfigurationPlatforms) = preSolution
		Ad-Hoc|Any CPU = Ad-Hoc|Any CPU
		Ad-Hoc|ARM = Ad-Hoc|ARM
		Ad-Hoc|iPhone = Ad-Hoc|iPhone
		Ad-Hoc|iPhoneSimulator = Ad-Hoc|iPhoneSimulator
		Ad-Hoc|x64 = Ad-Hoc|x64
		Ad-Hoc|x86 = Ad-Hoc|x86
		AppStore|Any CPU = AppStore|Any CPU
		AppStore|ARM = AppStore|ARM
		AppStore|iPhone = AppStore|iPhone
		AppStore|iPhoneSimulator = AppStore|iPhoneSimulator
		AppStore|x64 = AppStore|x64
		AppStore|x86 = AppStore|x86
		Debug|Any CPU = Debug|Any CPU
		Debug|ARM = Debug|ARM
		Debug|iPhone = Debug|iPhone
		Debug|iPhoneSimulator = Debug|iPhoneSimulator
		Debug|x64 = Debug|x64
		Debug|x86 = Debug|x86
		Release|Any CPU = Release|Any CPU
		Release|ARM = Release|ARM
		Release|iPhone = Release|iPhone
		Release|iPhoneSimulator = Release|iPhoneSimulator
		Release|x64 = Release|x64
		Release|x86 = Release|x86
	EndGlobalSection
	GlobalSection(ProjectConfigurationPlatforms) = postSolution
		{4D04E56D-3641-40D8-ADAE-3FEEB982C2BC}.Ad-Hoc|Any CPU.ActiveCfg = Release|x64
		{4D04E56D-3641-40D8-ADAE-3FEEB982C2BC}.Ad-Hoc|Any CPU.Build.0 = Release|x64
		{4D04E56D-3641-40D8-ADAE-3FEEB982C2BC}.Ad-Hoc|Any CPU.Deploy.0 = Release|x64
		{4D04E56D-3641-40D8-ADAE-3FEEB982C2BC}.Ad-Hoc|ARM.ActiveCfg = Release|ARM
		{4D04E56D-3641-40D8-ADAE-3FEEB982C2BC}.Ad-Hoc|ARM.Build.0 = Release|ARM
		{4D04E56D-3641-40D8-ADAE-3FEEB982C2BC}.Ad-Hoc|ARM.Deploy.0 = Release|ARM
		{4D04E56D-3641-40D8-ADAE-3FEEB982C2BC}.Ad-Hoc|iPhone.ActiveCfg = Release|x64
		{4D04E56D-3641-40D8-ADAE-3FEEB982C2BC}.Ad-Hoc|iPhone.Build.0 = Release|x64
		{4D04E56D-3641-40D8-ADAE-3FEEB982C2BC}.Ad-Hoc|iPhone.Deploy.0 = Release|x64
		{4D04E56D-3641-40D8-ADAE-3FEEB982C2BC}.Ad-Hoc|iPhoneSimulator.ActiveCfg = Release|x64
		{4D04E56D-3641-40D8-ADAE-3FEEB982C2BC}.Ad-Hoc|iPhoneSimulator.Build.0 = Release|x64
		{4D04E56D-3641-40D8-ADAE-3FEEB982C2BC}.Ad-Hoc|iPhoneSimulator.Deploy.0 = Release|x64
		{4D04E56D-3641-40D8-ADAE-3FEEB982C2BC}.Ad-Hoc|x64.ActiveCfg = Release|x64
		{4D04E56D-3641-40D8-ADAE-3FEEB982C2BC}.Ad-Hoc|x64.Build.0 = Release|x64
		{4D04E56D-3641-40D8-ADAE-3FEEB982C2BC}.Ad-Hoc|x64.Deploy.0 = Release|x64
		{4D04E56D-3641-40D8-ADAE-3FEEB982C2BC}.Ad-Hoc|x86.ActiveCfg = Release|x86
		{4D04E56D-3641-40D8-ADAE-3FEEB982C2BC}.Ad-Hoc|x86.Build.0 = Release|x86
		{4D04E56D-3641-40D8-ADAE-3FEEB982C2BC}.Ad-Hoc|x86.Deploy.0 = Release|x86
		{4D04E56D-3641-40D8-ADAE-3FEEB982C2BC}.AppStore|Any CPU.ActiveCfg = Release|x64
		{4D04E56D-3641-40D8-ADAE-3FEEB982C2BC}.AppStore|Any CPU.Build.0 = Release|x64
		{4D04E56D-3641-40D8-ADAE-3FEEB982C2BC}.AppStore|Any CPU.Deploy.0 = Release|x64
		{4D04E56D-3641-40D8-ADAE-3FEEB982C2BC}.AppStore|ARM.ActiveCfg = Release|ARM
		{4D04E56D-3641-40D8-ADAE-3FEEB982C2BC}.AppStore|ARM.Build.0 = Release|ARM
		{4D04E56D-3641-40D8-ADAE-3FEEB982C2BC}.AppStore|ARM.Deploy.0 = Release|ARM
		{4D04E56D-3641-40D8-ADAE-3FEEB982C2BC}.AppStore|iPhone.ActiveCfg = Release|x64
		{4D04E56D-3641-40D8-ADAE-3FEEB982C2BC}.AppStore|iPhone.Build.0 = Release|x64
		{4D04E56D-3641-40D8-ADAE-3FEEB982C2BC}.AppStore|iPhone.Deploy.0 = Release|x64
		{4D04E56D-3641-40D8-ADAE-3FEEB982C2BC}.AppStore|iPhoneSimulator.ActiveCfg = Release|x64
		{4D04E56D-3641-40D8-ADAE-3FEEB982C2BC}.AppStore|iPhoneSimulator.Build.0 = Release|x64
		{4D04E56D-3641-40D8-ADAE-3FEEB982C2BC}.AppStore|iPhoneSimulator.Deploy.0 = Release|x64
		{4D04E56D-3641-40D8-ADAE-3FEEB982C2BC}.AppStore|x64.ActiveCfg = Release|x64
		{4D04E56D-3641-40D8-ADAE-3FEEB982C2BC}.AppStore|x64.Build.0 = Release|x64
		{4D04E56D-3641-40D8-ADAE-3FEEB982C2BC}.AppStore|x64.Deploy.0 = Release|x64
		{4D04E56D-3641-40D8-ADAE-3FEEB982C2BC}.AppStore|x86.ActiveCfg = Release|x86
		{4D04E56D-3641-40D8-ADAE-3FEEB982C2BC}.AppStore|x86.Build.0 = Release|x86
		{4D04E56D-3641-40D8-ADAE-3FEEB982C2BC}.AppStore|x86.Deploy.0 = Release|x86
		{4D04E56D-3641-40D8-ADAE-3FEEB982C2BC}.Debug|Any CPU.ActiveCfg = Debug|x86
		{4D04E56D-3641-40D8-ADAE-3FEEB982C2BC}.Debug|Any CPU.Build.0 = Debug|x86
		{4D04E56D-3641-40D8-ADAE-3FEEB982C2BC}.Debug|Any CPU.Deploy.0 = Debug|x86
		{4D04E56D-3641-40D8-ADAE-3FEEB982C2BC}.Debug|ARM.ActiveCfg = Debug|ARM
		{4D04E56D-3641-40D8-ADAE-3FEEB982C2BC}.Debug|ARM.Build.0 = Debug|ARM
		{4D04E56D-3641-40D8-ADAE-3FEEB982C2BC}.Debug|ARM.Deploy.0 = Debug|ARM
		{4D04E56D-3641-40D8-ADAE-3FEEB982C2BC}.Debug|iPhone.ActiveCfg = Debug|x86
		{4D04E56D-3641-40D8-ADAE-3FEEB982C2BC}.Debug|iPhoneSimulator.ActiveCfg = Debug|x86
		{4D04E56D-3641-40D8-ADAE-3FEEB982C2BC}.Debug|x64.ActiveCfg = Debug|x64
		{4D04E56D-3641-40D8-ADAE-3FEEB982C2BC}.Debug|x64.Build.0 = Debug|x64
		{4D04E56D-3641-40D8-ADAE-3FEEB982C2BC}.Debug|x64.Deploy.0 = Debug|x64
		{4D04E56D-3641-40D8-ADAE-3FEEB982C2BC}.Debug|x86.ActiveCfg = Debug|x86
		{4D04E56D-3641-40D8-ADAE-3FEEB982C2BC}.Debug|x86.Build.0 = Debug|x86
		{4D04E56D-3641-40D8-ADAE-3FEEB982C2BC}.Debug|x86.Deploy.0 = Debug|x86
		{4D04E56D-3641-40D8-ADAE-3FEEB982C2BC}.Release|Any CPU.ActiveCfg = Release|x86
		{4D04E56D-3641-40D8-ADAE-3FEEB982C2BC}.Release|ARM.ActiveCfg = Release|ARM
		{4D04E56D-3641-40D8-ADAE-3FEEB982C2BC}.Release|ARM.Build.0 = Release|ARM
		{4D04E56D-3641-40D8-ADAE-3FEEB982C2BC}.Release|ARM.Deploy.0 = Release|ARM
		{4D04E56D-3641-40D8-ADAE-3FEEB982C2BC}.Release|iPhone.ActiveCfg = Release|x86
		{4D04E56D-3641-40D8-ADAE-3FEEB982C2BC}.Release|iPhoneSimulator.ActiveCfg = Release|x86
		{4D04E56D-3641-40D8-ADAE-3FEEB982C2BC}.Release|x64.ActiveCfg = Release|x64
		{4D04E56D-3641-40D8-ADAE-3FEEB982C2BC}.Release|x64.Build.0 = Release|x64
		{4D04E56D-3641-40D8-ADAE-3FEEB982C2BC}.Release|x64.Deploy.0 = Release|x64
		{4D04E56D-3641-40D8-ADAE-3FEEB982C2BC}.Release|x86.ActiveCfg = Release|x86
		{4D04E56D-3641-40D8-ADAE-3FEEB982C2BC}.Release|x86.Build.0 = Release|x86
		{4D04E56D-3641-40D8-ADAE-3FEEB982C2BC}.Release|x86.Deploy.0 = Release|x86
		{6FCAFE96-EFD7-475C-A4F7-B4ECB3B1FB3F}.Ad-Hoc|Any CPU.ActiveCfg = Release|Any CPU
		{6FCAFE96-EFD7-475C-A4F7-B4ECB3B1FB3F}.Ad-Hoc|Any CPU.Build.0 = Release|Any CPU
		{6FCAFE96-EFD7-475C-A4F7-B4ECB3B1FB3F}.Ad-Hoc|ARM.ActiveCfg = Release|Any CPU
		{6FCAFE96-EFD7-475C-A4F7-B4ECB3B1FB3F}.Ad-Hoc|ARM.Build.0 = Release|Any CPU
		{6FCAFE96-EFD7-475C-A4F7-B4ECB3B1FB3F}.Ad-Hoc|iPhone.ActiveCfg = Release|Any CPU
		{6FCAFE96-EFD7-475C-A4F7-B4ECB3B1FB3F}.Ad-Hoc|iPhone.Build.0 = Release|Any CPU
		{6FCAFE96-EFD7-475C-A4F7-B4ECB3B1FB3F}.Ad-Hoc|iPhoneSimulator.ActiveCfg = Release|Any CPU
		{6FCAFE96-EFD7-475C-A4F7-B4ECB3B1FB3F}.Ad-Hoc|iPhoneSimulator.Build.0 = Release|Any CPU
		{6FCAFE96-EFD7-475C-A4F7-B4ECB3B1FB3F}.Ad-Hoc|x64.ActiveCfg = Release|Any CPU
		{6FCAFE96-EFD7-475C-A4F7-B4ECB3B1FB3F}.Ad-Hoc|x64.Build.0 = Release|Any CPU
		{6FCAFE96-EFD7-475C-A4F7-B4ECB3B1FB3F}.Ad-Hoc|x86.ActiveCfg = Release|Any CPU
		{6FCAFE96-EFD7-475C-A4F7-B4ECB3B1FB3F}.Ad-Hoc|x86.Build.0 = Release|Any CPU
		{6FCAFE96-EFD7-475C-A4F7-B4ECB3B1FB3F}.AppStore|Any CPU.ActiveCfg = Release|Any CPU
		{6FCAFE96-EFD7-475C-A4F7-B4ECB3B1FB3F}.AppStore|Any CPU.Build.0 = Release|Any CPU
		{6FCAFE96-EFD7-475C-A4F7-B4ECB3B1FB3F}.AppStore|ARM.ActiveCfg = Release|Any CPU
		{6FCAFE96-EFD7-475C-A4F7-B4ECB3B1FB3F}.AppStore|ARM.Build.0 = Release|Any CPU
		{6FCAFE96-EFD7-475C-A4F7-B4ECB3B1FB3F}.AppStore|iPhone.ActiveCfg = Release|Any CPU
		{6FCAFE96-EFD7-475C-A4F7-B4ECB3B1FB3F}.AppStore|iPhone.Build.0 = Release|Any CPU
		{6FCAFE96-EFD7-475C-A4F7-B4ECB3B1FB3F}.AppStore|iPhoneSimulator.ActiveCfg = Release|Any CPU
		{6FCAFE96-EFD7-475C-A4F7-B4ECB3B1FB3F}.AppStore|iPhoneSimulator.Build.0 = Release|Any CPU
		{6FCAFE96-EFD7-475C-A4F7-B4ECB3B1FB3F}.AppStore|x64.ActiveCfg = Release|Any CPU
		{6FCAFE96-EFD7-475C-A4F7-B4ECB3B1FB3F}.AppStore|x64.Build.0 = Release|Any CPU
		{6FCAFE96-EFD7-475C-A4F7-B4ECB3B1FB3F}.AppStore|x86.ActiveCfg = Release|Any CPU
		{6FCAFE96-EFD7-475C-A4F7-B4ECB3B1FB3F}.AppStore|x86.Build.0 = Release|Any CPU
		{6FCAFE96-EFD7-475C-A4F7-B4ECB3B1FB3F}.Debug|Any CPU.ActiveCfg = Debug|Any CPU
		{6FCAFE96-EFD7-475C-A4F7-B4ECB3B1FB3F}.Debug|Any CPU.Build.0 = Debug|Any CPU
		{6FCAFE96-EFD7-475C-A4F7-B4ECB3B1FB3F}.Debug|ARM.ActiveCfg = Debug|Any CPU
		{6FCAFE96-EFD7-475C-A4F7-B4ECB3B1FB3F}.Debug|ARM.Build.0 = Debug|Any CPU
		{6FCAFE96-EFD7-475C-A4F7-B4ECB3B1FB3F}.Debug|iPhone.ActiveCfg = Debug|Any CPU
		{6FCAFE96-EFD7-475C-A4F7-B4ECB3B1FB3F}.Debug|iPhone.Build.0 = Debug|Any CPU
		{6FCAFE96-EFD7-475C-A4F7-B4ECB3B1FB3F}.Debug|iPhoneSimulator.ActiveCfg = Debug|Any CPU
		{6FCAFE96-EFD7-475C-A4F7-B4ECB3B1FB3F}.Debug|iPhoneSimulator.Build.0 = Debug|Any CPU
		{6FCAFE96-EFD7-475C-A4F7-B4ECB3B1FB3F}.Debug|x64.ActiveCfg = Debug|Any CPU
		{6FCAFE96-EFD7-475C-A4F7-B4ECB3B1FB3F}.Debug|x64.Build.0 = Debug|Any CPU
		{6FCAFE96-EFD7-475C-A4F7-B4ECB3B1FB3F}.Debug|x86.ActiveCfg = Debug|Any CPU
		{6FCAFE96-EFD7-475C-A4F7-B4ECB3B1FB3F}.Debug|x86.Build.0 = Debug|Any CPU
		{6FCAFE96-EFD7-475C-A4F7-B4ECB3B1FB3F}.Release|Any CPU.ActiveCfg = Release|Any CPU
		{6FCAFE96-EFD7-475C-A4F7-B4ECB3B1FB3F}.Release|Any CPU.Build.0 = Release|Any CPU
		{6FCAFE96-EFD7-475C-A4F7-B4ECB3B1FB3F}.Release|ARM.ActiveCfg = Release|Any CPU
		{6FCAFE96-EFD7-475C-A4F7-B4ECB3B1FB3F}.Release|ARM.Build.0 = Release|Any CPU
		{6FCAFE96-EFD7-475C-A4F7-B4ECB3B1FB3F}.Release|iPhone.ActiveCfg = Release|Any CPU
		{6FCAFE96-EFD7-475C-A4F7-B4ECB3B1FB3F}.Release|iPhone.Build.0 = Release|Any CPU
		{6FCAFE96-EFD7-475C-A4F7-B4ECB3B1FB3F}.Release|iPhoneSimulator.ActiveCfg = Release|Any CPU
		{6FCAFE96-EFD7-475C-A4F7-B4ECB3B1FB3F}.Release|iPhoneSimulator.Build.0 = Release|Any CPU
		{6FCAFE96-EFD7-475C-A4F7-B4ECB3B1FB3F}.Release|x64.ActiveCfg = Release|Any CPU
		{6FCAFE96-EFD7-475C-A4F7-B4ECB3B1FB3F}.Release|x64.Build.0 = Release|Any CPU
		{6FCAFE96-EFD7-475C-A4F7-B4ECB3B1FB3F}.Release|x86.ActiveCfg = Release|Any CPU
		{6FCAFE96-EFD7-475C-A4F7-B4ECB3B1FB3F}.Release|x86.Build.0 = Release|Any CPU
		{B22D16EC-5E93-42ED-9E37-F473BA6E2B0D}.Ad-Hoc|Any CPU.ActiveCfg = Release|Any CPU
		{B22D16EC-5E93-42ED-9E37-F473BA6E2B0D}.Ad-Hoc|Any CPU.Build.0 = Release|Any CPU
		{B22D16EC-5E93-42ED-9E37-F473BA6E2B0D}.Ad-Hoc|ARM.ActiveCfg = Release|Any CPU
		{B22D16EC-5E93-42ED-9E37-F473BA6E2B0D}.Ad-Hoc|ARM.Build.0 = Release|Any CPU
		{B22D16EC-5E93-42ED-9E37-F473BA6E2B0D}.Ad-Hoc|iPhone.ActiveCfg = Release|Any CPU
		{B22D16EC-5E93-42ED-9E37-F473BA6E2B0D}.Ad-Hoc|iPhone.Build.0 = Release|Any CPU
		{B22D16EC-5E93-42ED-9E37-F473BA6E2B0D}.Ad-Hoc|iPhoneSimulator.ActiveCfg = Release|Any CPU
		{B22D16EC-5E93-42ED-9E37-F473BA6E2B0D}.Ad-Hoc|iPhoneSimulator.Build.0 = Release|Any CPU
		{B22D16EC-5E93-42ED-9E37-F473BA6E2B0D}.Ad-Hoc|x64.ActiveCfg = Release|Any CPU
		{B22D16EC-5E93-42ED-9E37-F473BA6E2B0D}.Ad-Hoc|x64.Build.0 = Release|Any CPU
		{B22D16EC-5E93-42ED-9E37-F473BA6E2B0D}.Ad-Hoc|x86.ActiveCfg = Release|Any CPU
		{B22D16EC-5E93-42ED-9E37-F473BA6E2B0D}.Ad-Hoc|x86.Build.0 = Release|Any CPU
		{B22D16EC-5E93-42ED-9E37-F473BA6E2B0D}.AppStore|Any CPU.ActiveCfg = Release|Any CPU
		{B22D16EC-5E93-42ED-9E37-F473BA6E2B0D}.AppStore|Any CPU.Build.0 = Release|Any CPU
		{B22D16EC-5E93-42ED-9E37-F473BA6E2B0D}.AppStore|ARM.ActiveCfg = Release|Any CPU
		{B22D16EC-5E93-42ED-9E37-F473BA6E2B0D}.AppStore|ARM.Build.0 = Release|Any CPU
		{B22D16EC-5E93-42ED-9E37-F473BA6E2B0D}.AppStore|iPhone.ActiveCfg = Release|Any CPU
		{B22D16EC-5E93-42ED-9E37-F473BA6E2B0D}.AppStore|iPhone.Build.0 = Release|Any CPU
		{B22D16EC-5E93-42ED-9E37-F473BA6E2B0D}.AppStore|iPhoneSimulator.ActiveCfg = Release|Any CPU
		{B22D16EC-5E93-42ED-9E37-F473BA6E2B0D}.AppStore|iPhoneSimulator.Build.0 = Release|Any CPU
		{B22D16EC-5E93-42ED-9E37-F473BA6E2B0D}.AppStore|x64.ActiveCfg = Release|Any CPU
		{B22D16EC-5E93-42ED-9E37-F473BA6E2B0D}.AppStore|x64.Build.0 = Release|Any CPU
		{B22D16EC-5E93-42ED-9E37-F473BA6E2B0D}.AppStore|x86.ActiveCfg = Release|Any CPU
		{B22D16EC-5E93-42ED-9E37-F473BA6E2B0D}.AppStore|x86.Build.0 = Release|Any CPU
		{B22D16EC-5E93-42ED-9E37-F473BA6E2B0D}.Debug|Any CPU.ActiveCfg = Debug|Any CPU
		{B22D16EC-5E93-42ED-9E37-F473BA6E2B0D}.Debug|Any CPU.Build.0 = Debug|Any CPU
		{B22D16EC-5E93-42ED-9E37-F473BA6E2B0D}.Debug|ARM.ActiveCfg = Debug|Any CPU
		{B22D16EC-5E93-42ED-9E37-F473BA6E2B0D}.Debug|ARM.Build.0 = Debug|Any CPU
		{B22D16EC-5E93-42ED-9E37-F473BA6E2B0D}.Debug|iPhone.ActiveCfg = Debug|Any CPU
		{B22D16EC-5E93-42ED-9E37-F473BA6E2B0D}.Debug|iPhone.Build.0 = Debug|Any CPU
		{B22D16EC-5E93-42ED-9E37-F473BA6E2B0D}.Debug|iPhoneSimulator.ActiveCfg = Debug|Any CPU
		{B22D16EC-5E93-42ED-9E37-F473BA6E2B0D}.Debug|iPhoneSimulator.Build.0 = Debug|Any CPU
		{B22D16EC-5E93-42ED-9E37-F473BA6E2B0D}.Debug|x64.ActiveCfg = Debug|Any CPU
		{B22D16EC-5E93-42ED-9E37-F473BA6E2B0D}.Debug|x64.Build.0 = Debug|Any CPU
		{B22D16EC-5E93-42ED-9E37-F473BA6E2B0D}.Debug|x86.ActiveCfg = Debug|Any CPU
		{B22D16EC-5E93-42ED-9E37-F473BA6E2B0D}.Debug|x86.Build.0 = Debug|Any CPU
		{B22D16EC-5E93-42ED-9E37-F473BA6E2B0D}.Release|Any CPU.ActiveCfg = Release|Any CPU
		{B22D16EC-5E93-42ED-9E37-F473BA6E2B0D}.Release|Any CPU.Build.0 = Release|Any CPU
		{B22D16EC-5E93-42ED-9E37-F473BA6E2B0D}.Release|ARM.ActiveCfg = Release|Any CPU
		{B22D16EC-5E93-42ED-9E37-F473BA6E2B0D}.Release|ARM.Build.0 = Release|Any CPU
		{B22D16EC-5E93-42ED-9E37-F473BA6E2B0D}.Release|iPhone.ActiveCfg = Release|Any CPU
		{B22D16EC-5E93-42ED-9E37-F473BA6E2B0D}.Release|iPhone.Build.0 = Release|Any CPU
		{B22D16EC-5E93-42ED-9E37-F473BA6E2B0D}.Release|iPhoneSimulator.ActiveCfg = Release|Any CPU
		{B22D16EC-5E93-42ED-9E37-F473BA6E2B0D}.Release|iPhoneSimulator.Build.0 = Release|Any CPU
		{B22D16EC-5E93-42ED-9E37-F473BA6E2B0D}.Release|x64.ActiveCfg = Release|Any CPU
		{B22D16EC-5E93-42ED-9E37-F473BA6E2B0D}.Release|x64.Build.0 = Release|Any CPU
		{B22D16EC-5E93-42ED-9E37-F473BA6E2B0D}.Release|x86.ActiveCfg = Release|Any CPU
		{B22D16EC-5E93-42ED-9E37-F473BA6E2B0D}.Release|x86.Build.0 = Release|Any CPU
		{6FEB84FA-EE7D-4B1F-94A5-B7BEAF4D959B}.Ad-Hoc|Any CPU.ActiveCfg = Release|Any CPU
		{6FEB84FA-EE7D-4B1F-94A5-B7BEAF4D959B}.Ad-Hoc|Any CPU.Build.0 = Release|Any CPU
		{6FEB84FA-EE7D-4B1F-94A5-B7BEAF4D959B}.Ad-Hoc|Any CPU.Deploy.0 = Release|Any CPU
		{6FEB84FA-EE7D-4B1F-94A5-B7BEAF4D959B}.Ad-Hoc|ARM.ActiveCfg = Release|Any CPU
		{6FEB84FA-EE7D-4B1F-94A5-B7BEAF4D959B}.Ad-Hoc|ARM.Build.0 = Release|Any CPU
		{6FEB84FA-EE7D-4B1F-94A5-B7BEAF4D959B}.Ad-Hoc|ARM.Deploy.0 = Release|Any CPU
		{6FEB84FA-EE7D-4B1F-94A5-B7BEAF4D959B}.Ad-Hoc|iPhone.ActiveCfg = Release|Any CPU
		{6FEB84FA-EE7D-4B1F-94A5-B7BEAF4D959B}.Ad-Hoc|iPhone.Build.0 = Release|Any CPU
		{6FEB84FA-EE7D-4B1F-94A5-B7BEAF4D959B}.Ad-Hoc|iPhone.Deploy.0 = Release|Any CPU
		{6FEB84FA-EE7D-4B1F-94A5-B7BEAF4D959B}.Ad-Hoc|iPhoneSimulator.ActiveCfg = Release|Any CPU
		{6FEB84FA-EE7D-4B1F-94A5-B7BEAF4D959B}.Ad-Hoc|iPhoneSimulator.Build.0 = Release|Any CPU
		{6FEB84FA-EE7D-4B1F-94A5-B7BEAF4D959B}.Ad-Hoc|iPhoneSimulator.Deploy.0 = Release|Any CPU
		{6FEB84FA-EE7D-4B1F-94A5-B7BEAF4D959B}.Ad-Hoc|x64.ActiveCfg = Release|Any CPU
		{6FEB84FA-EE7D-4B1F-94A5-B7BEAF4D959B}.Ad-Hoc|x64.Build.0 = Release|Any CPU
		{6FEB84FA-EE7D-4B1F-94A5-B7BEAF4D959B}.Ad-Hoc|x64.Deploy.0 = Release|Any CPU
		{6FEB84FA-EE7D-4B1F-94A5-B7BEAF4D959B}.Ad-Hoc|x86.ActiveCfg = Release|Any CPU
		{6FEB84FA-EE7D-4B1F-94A5-B7BEAF4D959B}.Ad-Hoc|x86.Build.0 = Release|Any CPU
		{6FEB84FA-EE7D-4B1F-94A5-B7BEAF4D959B}.Ad-Hoc|x86.Deploy.0 = Release|Any CPU
		{6FEB84FA-EE7D-4B1F-94A5-B7BEAF4D959B}.AppStore|Any CPU.ActiveCfg = Release|Any CPU
		{6FEB84FA-EE7D-4B1F-94A5-B7BEAF4D959B}.AppStore|Any CPU.Build.0 = Release|Any CPU
		{6FEB84FA-EE7D-4B1F-94A5-B7BEAF4D959B}.AppStore|Any CPU.Deploy.0 = Release|Any CPU
		{6FEB84FA-EE7D-4B1F-94A5-B7BEAF4D959B}.AppStore|ARM.ActiveCfg = Release|Any CPU
		{6FEB84FA-EE7D-4B1F-94A5-B7BEAF4D959B}.AppStore|ARM.Build.0 = Release|Any CPU
		{6FEB84FA-EE7D-4B1F-94A5-B7BEAF4D959B}.AppStore|ARM.Deploy.0 = Release|Any CPU
		{6FEB84FA-EE7D-4B1F-94A5-B7BEAF4D959B}.AppStore|iPhone.ActiveCfg = Release|Any CPU
		{6FEB84FA-EE7D-4B1F-94A5-B7BEAF4D959B}.AppStore|iPhone.Build.0 = Release|Any CPU
		{6FEB84FA-EE7D-4B1F-94A5-B7BEAF4D959B}.AppStore|iPhone.Deploy.0 = Release|Any CPU
		{6FEB84FA-EE7D-4B1F-94A5-B7BEAF4D959B}.AppStore|iPhoneSimulator.ActiveCfg = Release|Any CPU
		{6FEB84FA-EE7D-4B1F-94A5-B7BEAF4D959B}.AppStore|iPhoneSimulator.Build.0 = Release|Any CPU
		{6FEB84FA-EE7D-4B1F-94A5-B7BEAF4D959B}.AppStore|iPhoneSimulator.Deploy.0 = Release|Any CPU
		{6FEB84FA-EE7D-4B1F-94A5-B7BEAF4D959B}.AppStore|x64.ActiveCfg = Release|Any CPU
		{6FEB84FA-EE7D-4B1F-94A5-B7BEAF4D959B}.AppStore|x64.Build.0 = Release|Any CPU
		{6FEB84FA-EE7D-4B1F-94A5-B7BEAF4D959B}.AppStore|x64.Deploy.0 = Release|Any CPU
		{6FEB84FA-EE7D-4B1F-94A5-B7BEAF4D959B}.AppStore|x86.ActiveCfg = Release|Any CPU
		{6FEB84FA-EE7D-4B1F-94A5-B7BEAF4D959B}.AppStore|x86.Build.0 = Release|Any CPU
		{6FEB84FA-EE7D-4B1F-94A5-B7BEAF4D959B}.AppStore|x86.Deploy.0 = Release|Any CPU
		{6FEB84FA-EE7D-4B1F-94A5-B7BEAF4D959B}.Debug|Any CPU.ActiveCfg = Debug|Any CPU
		{6FEB84FA-EE7D-4B1F-94A5-B7BEAF4D959B}.Debug|Any CPU.Build.0 = Debug|Any CPU
		{6FEB84FA-EE7D-4B1F-94A5-B7BEAF4D959B}.Debug|Any CPU.Deploy.0 = Debug|Any CPU
		{6FEB84FA-EE7D-4B1F-94A5-B7BEAF4D959B}.Debug|ARM.ActiveCfg = Debug|Any CPU
		{6FEB84FA-EE7D-4B1F-94A5-B7BEAF4D959B}.Debug|ARM.Build.0 = Debug|Any CPU
		{6FEB84FA-EE7D-4B1F-94A5-B7BEAF4D959B}.Debug|ARM.Deploy.0 = Debug|Any CPU
		{6FEB84FA-EE7D-4B1F-94A5-B7BEAF4D959B}.Debug|iPhone.ActiveCfg = Debug|Any CPU
		{6FEB84FA-EE7D-4B1F-94A5-B7BEAF4D959B}.Debug|iPhone.Build.0 = Debug|Any CPU
		{6FEB84FA-EE7D-4B1F-94A5-B7BEAF4D959B}.Debug|iPhone.Deploy.0 = Debug|Any CPU
		{6FEB84FA-EE7D-4B1F-94A5-B7BEAF4D959B}.Debug|iPhoneSimulator.ActiveCfg = Debug|Any CPU
		{6FEB84FA-EE7D-4B1F-94A5-B7BEAF4D959B}.Debug|iPhoneSimulator.Build.0 = Debug|Any CPU
		{6FEB84FA-EE7D-4B1F-94A5-B7BEAF4D959B}.Debug|iPhoneSimulator.Deploy.0 = Debug|Any CPU
		{6FEB84FA-EE7D-4B1F-94A5-B7BEAF4D959B}.Debug|x64.ActiveCfg = Debug|Any CPU
		{6FEB84FA-EE7D-4B1F-94A5-B7BEAF4D959B}.Debug|x64.Build.0 = Debug|Any CPU
		{6FEB84FA-EE7D-4B1F-94A5-B7BEAF4D959B}.Debug|x64.Deploy.0 = Debug|Any CPU
		{6FEB84FA-EE7D-4B1F-94A5-B7BEAF4D959B}.Debug|x86.ActiveCfg = Debug|Any CPU
		{6FEB84FA-EE7D-4B1F-94A5-B7BEAF4D959B}.Debug|x86.Build.0 = Debug|Any CPU
		{6FEB84FA-EE7D-4B1F-94A5-B7BEAF4D959B}.Debug|x86.Deploy.0 = Debug|Any CPU
		{6FEB84FA-EE7D-4B1F-94A5-B7BEAF4D959B}.Release|Any CPU.ActiveCfg = Release|Any CPU
		{6FEB84FA-EE7D-4B1F-94A5-B7BEAF4D959B}.Release|Any CPU.Build.0 = Release|Any CPU
		{6FEB84FA-EE7D-4B1F-94A5-B7BEAF4D959B}.Release|Any CPU.Deploy.0 = Release|Any CPU
		{6FEB84FA-EE7D-4B1F-94A5-B7BEAF4D959B}.Release|ARM.ActiveCfg = Release|Any CPU
		{6FEB84FA-EE7D-4B1F-94A5-B7BEAF4D959B}.Release|ARM.Build.0 = Release|Any CPU
		{6FEB84FA-EE7D-4B1F-94A5-B7BEAF4D959B}.Release|ARM.Deploy.0 = Release|Any CPU
		{6FEB84FA-EE7D-4B1F-94A5-B7BEAF4D959B}.Release|iPhone.ActiveCfg = Release|Any CPU
		{6FEB84FA-EE7D-4B1F-94A5-B7BEAF4D959B}.Release|iPhone.Build.0 = Release|Any CPU
		{6FEB84FA-EE7D-4B1F-94A5-B7BEAF4D959B}.Release|iPhone.Deploy.0 = Release|Any CPU
		{6FEB84FA-EE7D-4B1F-94A5-B7BEAF4D959B}.Release|iPhoneSimulator.ActiveCfg = Release|Any CPU
		{6FEB84FA-EE7D-4B1F-94A5-B7BEAF4D959B}.Release|iPhoneSimulator.Build.0 = Release|Any CPU
		{6FEB84FA-EE7D-4B1F-94A5-B7BEAF4D959B}.Release|iPhoneSimulator.Deploy.0 = Release|Any CPU
		{6FEB84FA-EE7D-4B1F-94A5-B7BEAF4D959B}.Release|x64.ActiveCfg = Release|Any CPU
		{6FEB84FA-EE7D-4B1F-94A5-B7BEAF4D959B}.Release|x64.Build.0 = Release|Any CPU
		{6FEB84FA-EE7D-4B1F-94A5-B7BEAF4D959B}.Release|x64.Deploy.0 = Release|Any CPU
		{6FEB84FA-EE7D-4B1F-94A5-B7BEAF4D959B}.Release|x86.ActiveCfg = Release|Any CPU
		{6FEB84FA-EE7D-4B1F-94A5-B7BEAF4D959B}.Release|x86.Build.0 = Release|Any CPU
		{6FEB84FA-EE7D-4B1F-94A5-B7BEAF4D959B}.Release|x86.Deploy.0 = Release|Any CPU
		{7102D85A-F3CF-4222-A841-2B9AB2AF89F5}.Ad-Hoc|Any CPU.ActiveCfg = Ad-Hoc|iPhone
		{7102D85A-F3CF-4222-A841-2B9AB2AF89F5}.Ad-Hoc|ARM.ActiveCfg = Ad-Hoc|iPhone
		{7102D85A-F3CF-4222-A841-2B9AB2AF89F5}.Ad-Hoc|iPhone.ActiveCfg = Ad-Hoc|iPhone
		{7102D85A-F3CF-4222-A841-2B9AB2AF89F5}.Ad-Hoc|iPhone.Build.0 = Ad-Hoc|iPhone
		{7102D85A-F3CF-4222-A841-2B9AB2AF89F5}.Ad-Hoc|iPhoneSimulator.ActiveCfg = Ad-Hoc|iPhoneSimulator
		{7102D85A-F3CF-4222-A841-2B9AB2AF89F5}.Ad-Hoc|iPhoneSimulator.Build.0 = Ad-Hoc|iPhoneSimulator
		{7102D85A-F3CF-4222-A841-2B9AB2AF89F5}.Ad-Hoc|x64.ActiveCfg = Ad-Hoc|iPhone
		{7102D85A-F3CF-4222-A841-2B9AB2AF89F5}.Ad-Hoc|x86.ActiveCfg = Ad-Hoc|iPhone
		{7102D85A-F3CF-4222-A841-2B9AB2AF89F5}.AppStore|Any CPU.ActiveCfg = AppStore|iPhone
		{7102D85A-F3CF-4222-A841-2B9AB2AF89F5}.AppStore|ARM.ActiveCfg = AppStore|iPhone
		{7102D85A-F3CF-4222-A841-2B9AB2AF89F5}.AppStore|iPhone.ActiveCfg = AppStore|iPhone
		{7102D85A-F3CF-4222-A841-2B9AB2AF89F5}.AppStore|iPhone.Build.0 = AppStore|iPhone
		{7102D85A-F3CF-4222-A841-2B9AB2AF89F5}.AppStore|iPhoneSimulator.ActiveCfg = AppStore|iPhoneSimulator
		{7102D85A-F3CF-4222-A841-2B9AB2AF89F5}.AppStore|iPhoneSimulator.Build.0 = AppStore|iPhoneSimulator
		{7102D85A-F3CF-4222-A841-2B9AB2AF89F5}.AppStore|x64.ActiveCfg = AppStore|iPhone
		{7102D85A-F3CF-4222-A841-2B9AB2AF89F5}.AppStore|x86.ActiveCfg = AppStore|iPhone
		{7102D85A-F3CF-4222-A841-2B9AB2AF89F5}.Debug|Any CPU.ActiveCfg = Debug|iPhone
		{7102D85A-F3CF-4222-A841-2B9AB2AF89F5}.Debug|ARM.ActiveCfg = Debug|iPhone
		{7102D85A-F3CF-4222-A841-2B9AB2AF89F5}.Debug|iPhone.ActiveCfg = Debug|iPhone
		{7102D85A-F3CF-4222-A841-2B9AB2AF89F5}.Debug|iPhone.Build.0 = Debug|iPhone
		{7102D85A-F3CF-4222-A841-2B9AB2AF89F5}.Debug|iPhoneSimulator.ActiveCfg = Debug|iPhoneSimulator
		{7102D85A-F3CF-4222-A841-2B9AB2AF89F5}.Debug|iPhoneSimulator.Build.0 = Debug|iPhoneSimulator
		{7102D85A-F3CF-4222-A841-2B9AB2AF89F5}.Debug|x64.ActiveCfg = Debug|iPhone
		{7102D85A-F3CF-4222-A841-2B9AB2AF89F5}.Debug|x86.ActiveCfg = Debug|iPhone
		{7102D85A-F3CF-4222-A841-2B9AB2AF89F5}.Release|Any CPU.ActiveCfg = Release|iPhone
		{7102D85A-F3CF-4222-A841-2B9AB2AF89F5}.Release|ARM.ActiveCfg = Release|iPhone
		{7102D85A-F3CF-4222-A841-2B9AB2AF89F5}.Release|iPhone.ActiveCfg = Release|iPhone
		{7102D85A-F3CF-4222-A841-2B9AB2AF89F5}.Release|iPhone.Build.0 = Release|iPhone
		{7102D85A-F3CF-4222-A841-2B9AB2AF89F5}.Release|iPhoneSimulator.ActiveCfg = Release|iPhoneSimulator
		{7102D85A-F3CF-4222-A841-2B9AB2AF89F5}.Release|iPhoneSimulator.Build.0 = Release|iPhoneSimulator
		{7102D85A-F3CF-4222-A841-2B9AB2AF89F5}.Release|x64.ActiveCfg = Release|iPhone
		{7102D85A-F3CF-4222-A841-2B9AB2AF89F5}.Release|x86.ActiveCfg = Release|iPhone
		{0A29ABD5-2F57-4F3C-A3C7-C023C239A4CB}.Ad-Hoc|Any CPU.ActiveCfg = Release|x86
		{0A29ABD5-2F57-4F3C-A3C7-C023C239A4CB}.Ad-Hoc|Any CPU.Build.0 = Release|x86
		{0A29ABD5-2F57-4F3C-A3C7-C023C239A4CB}.Ad-Hoc|Any CPU.Deploy.0 = Release|x86
		{0A29ABD5-2F57-4F3C-A3C7-C023C239A4CB}.Ad-Hoc|ARM.ActiveCfg = Release|ARM
		{0A29ABD5-2F57-4F3C-A3C7-C023C239A4CB}.Ad-Hoc|ARM.Build.0 = Release|ARM
		{0A29ABD5-2F57-4F3C-A3C7-C023C239A4CB}.Ad-Hoc|ARM.Deploy.0 = Release|ARM
		{0A29ABD5-2F57-4F3C-A3C7-C023C239A4CB}.Ad-Hoc|iPhone.ActiveCfg = Release|x86
		{0A29ABD5-2F57-4F3C-A3C7-C023C239A4CB}.Ad-Hoc|iPhone.Build.0 = Release|x86
		{0A29ABD5-2F57-4F3C-A3C7-C023C239A4CB}.Ad-Hoc|iPhone.Deploy.0 = Release|x86
		{0A29ABD5-2F57-4F3C-A3C7-C023C239A4CB}.Ad-Hoc|iPhoneSimulator.ActiveCfg = Release|x86
		{0A29ABD5-2F57-4F3C-A3C7-C023C239A4CB}.Ad-Hoc|iPhoneSimulator.Build.0 = Release|x86
		{0A29ABD5-2F57-4F3C-A3C7-C023C239A4CB}.Ad-Hoc|iPhoneSimulator.Deploy.0 = Release|x86
		{0A29ABD5-2F57-4F3C-A3C7-C023C239A4CB}.Ad-Hoc|x64.ActiveCfg = Release|x64
		{0A29ABD5-2F57-4F3C-A3C7-C023C239A4CB}.Ad-Hoc|x64.Build.0 = Release|x64
		{0A29ABD5-2F57-4F3C-A3C7-C023C239A4CB}.Ad-Hoc|x64.Deploy.0 = Release|x64
		{0A29ABD5-2F57-4F3C-A3C7-C023C239A4CB}.Ad-Hoc|x86.ActiveCfg = Release|x86
		{0A29ABD5-2F57-4F3C-A3C7-C023C239A4CB}.Ad-Hoc|x86.Build.0 = Release|x86
		{0A29ABD5-2F57-4F3C-A3C7-C023C239A4CB}.Ad-Hoc|x86.Deploy.0 = Release|x86
		{0A29ABD5-2F57-4F3C-A3C7-C023C239A4CB}.AppStore|Any CPU.ActiveCfg = Release|x86
		{0A29ABD5-2F57-4F3C-A3C7-C023C239A4CB}.AppStore|Any CPU.Build.0 = Release|x86
		{0A29ABD5-2F57-4F3C-A3C7-C023C239A4CB}.AppStore|Any CPU.Deploy.0 = Release|x86
		{0A29ABD5-2F57-4F3C-A3C7-C023C239A4CB}.AppStore|ARM.ActiveCfg = Release|ARM
		{0A29ABD5-2F57-4F3C-A3C7-C023C239A4CB}.AppStore|ARM.Build.0 = Release|ARM
		{0A29ABD5-2F57-4F3C-A3C7-C023C239A4CB}.AppStore|ARM.Deploy.0 = Release|ARM
		{0A29ABD5-2F57-4F3C-A3C7-C023C239A4CB}.AppStore|iPhone.ActiveCfg = Release|x86
		{0A29ABD5-2F57-4F3C-A3C7-C023C239A4CB}.AppStore|iPhone.Build.0 = Release|x86
		{0A29ABD5-2F57-4F3C-A3C7-C023C239A4CB}.AppStore|iPhone.Deploy.0 = Release|x86
		{0A29ABD5-2F57-4F3C-A3C7-C023C239A4CB}.AppStore|iPhoneSimulator.ActiveCfg = Release|x86
		{0A29ABD5-2F57-4F3C-A3C7-C023C239A4CB}.AppStore|iPhoneSimulator.Build.0 = Release|x86
		{0A29ABD5-2F57-4F3C-A3C7-C023C239A4CB}.AppStore|iPhoneSimulator.Deploy.0 = Release|x86
		{0A29ABD5-2F57-4F3C-A3C7-C023C239A4CB}.AppStore|x64.ActiveCfg = Release|x64
		{0A29ABD5-2F57-4F3C-A3C7-C023C239A4CB}.AppStore|x64.Build.0 = Release|x64
		{0A29ABD5-2F57-4F3C-A3C7-C023C239A4CB}.AppStore|x64.Deploy.0 = Release|x64
		{0A29ABD5-2F57-4F3C-A3C7-C023C239A4CB}.AppStore|x86.ActiveCfg = Release|x86
		{0A29ABD5-2F57-4F3C-A3C7-C023C239A4CB}.AppStore|x86.Build.0 = Release|x86
		{0A29ABD5-2F57-4F3C-A3C7-C023C239A4CB}.AppStore|x86.Deploy.0 = Release|x86
		{0A29ABD5-2F57-4F3C-A3C7-C023C239A4CB}.Debug|Any CPU.ActiveCfg = Debug|x86
		{0A29ABD5-2F57-4F3C-A3C7-C023C239A4CB}.Debug|ARM.ActiveCfg = Debug|ARM
		{0A29ABD5-2F57-4F3C-A3C7-C023C239A4CB}.Debug|ARM.Build.0 = Debug|ARM
		{0A29ABD5-2F57-4F3C-A3C7-C023C239A4CB}.Debug|ARM.Deploy.0 = Debug|ARM
		{0A29ABD5-2F57-4F3C-A3C7-C023C239A4CB}.Debug|iPhone.ActiveCfg = Debug|x86
		{0A29ABD5-2F57-4F3C-A3C7-C023C239A4CB}.Debug|iPhoneSimulator.ActiveCfg = Debug|x86
		{0A29ABD5-2F57-4F3C-A3C7-C023C239A4CB}.Debug|x64.ActiveCfg = Debug|x64
		{0A29ABD5-2F57-4F3C-A3C7-C023C239A4CB}.Debug|x64.Build.0 = Debug|x64
		{0A29ABD5-2F57-4F3C-A3C7-C023C239A4CB}.Debug|x64.Deploy.0 = Debug|x64
		{0A29ABD5-2F57-4F3C-A3C7-C023C239A4CB}.Debug|x86.ActiveCfg = Debug|x86
		{0A29ABD5-2F57-4F3C-A3C7-C023C239A4CB}.Debug|x86.Build.0 = Debug|x86
		{0A29ABD5-2F57-4F3C-A3C7-C023C239A4CB}.Debug|x86.Deploy.0 = Debug|x86
		{0A29ABD5-2F57-4F3C-A3C7-C023C239A4CB}.Release|Any CPU.ActiveCfg = Release|x86
		{0A29ABD5-2F57-4F3C-A3C7-C023C239A4CB}.Release|ARM.ActiveCfg = Release|ARM
		{0A29ABD5-2F57-4F3C-A3C7-C023C239A4CB}.Release|ARM.Build.0 = Release|ARM
		{0A29ABD5-2F57-4F3C-A3C7-C023C239A4CB}.Release|ARM.Deploy.0 = Release|ARM
		{0A29ABD5-2F57-4F3C-A3C7-C023C239A4CB}.Release|iPhone.ActiveCfg = Release|x86
		{0A29ABD5-2F57-4F3C-A3C7-C023C239A4CB}.Release|iPhoneSimulator.ActiveCfg = Release|x86
		{0A29ABD5-2F57-4F3C-A3C7-C023C239A4CB}.Release|x64.ActiveCfg = Release|x64
		{0A29ABD5-2F57-4F3C-A3C7-C023C239A4CB}.Release|x64.Build.0 = Release|x64
		{0A29ABD5-2F57-4F3C-A3C7-C023C239A4CB}.Release|x64.Deploy.0 = Release|x64
		{0A29ABD5-2F57-4F3C-A3C7-C023C239A4CB}.Release|x86.ActiveCfg = Release|x86
		{0A29ABD5-2F57-4F3C-A3C7-C023C239A4CB}.Release|x86.Build.0 = Release|x86
		{0A29ABD5-2F57-4F3C-A3C7-C023C239A4CB}.Release|x86.Deploy.0 = Release|x86
		{7662AB13-856A-42DE-A735-46A2A87AE3FD}.Ad-Hoc|Any CPU.ActiveCfg = Debug|Any CPU
		{7662AB13-856A-42DE-A735-46A2A87AE3FD}.Ad-Hoc|Any CPU.Build.0 = Debug|Any CPU
		{7662AB13-856A-42DE-A735-46A2A87AE3FD}.Ad-Hoc|ARM.ActiveCfg = Debug|Any CPU
		{7662AB13-856A-42DE-A735-46A2A87AE3FD}.Ad-Hoc|ARM.Build.0 = Debug|Any CPU
		{7662AB13-856A-42DE-A735-46A2A87AE3FD}.Ad-Hoc|iPhone.ActiveCfg = Debug|Any CPU
		{7662AB13-856A-42DE-A735-46A2A87AE3FD}.Ad-Hoc|iPhone.Build.0 = Debug|Any CPU
		{7662AB13-856A-42DE-A735-46A2A87AE3FD}.Ad-Hoc|iPhoneSimulator.ActiveCfg = Debug|Any CPU
		{7662AB13-856A-42DE-A735-46A2A87AE3FD}.Ad-Hoc|iPhoneSimulator.Build.0 = Debug|Any CPU
		{7662AB13-856A-42DE-A735-46A2A87AE3FD}.Ad-Hoc|x64.ActiveCfg = Debug|Any CPU
		{7662AB13-856A-42DE-A735-46A2A87AE3FD}.Ad-Hoc|x64.Build.0 = Debug|Any CPU
		{7662AB13-856A-42DE-A735-46A2A87AE3FD}.Ad-Hoc|x86.ActiveCfg = Debug|Any CPU
		{7662AB13-856A-42DE-A735-46A2A87AE3FD}.Ad-Hoc|x86.Build.0 = Debug|Any CPU
		{7662AB13-856A-42DE-A735-46A2A87AE3FD}.AppStore|Any CPU.ActiveCfg = Debug|Any CPU
		{7662AB13-856A-42DE-A735-46A2A87AE3FD}.AppStore|Any CPU.Build.0 = Debug|Any CPU
		{7662AB13-856A-42DE-A735-46A2A87AE3FD}.AppStore|ARM.ActiveCfg = Debug|Any CPU
		{7662AB13-856A-42DE-A735-46A2A87AE3FD}.AppStore|ARM.Build.0 = Debug|Any CPU
		{7662AB13-856A-42DE-A735-46A2A87AE3FD}.AppStore|iPhone.ActiveCfg = Debug|Any CPU
		{7662AB13-856A-42DE-A735-46A2A87AE3FD}.AppStore|iPhone.Build.0 = Debug|Any CPU
		{7662AB13-856A-42DE-A735-46A2A87AE3FD}.AppStore|iPhoneSimulator.ActiveCfg = Debug|Any CPU
		{7662AB13-856A-42DE-A735-46A2A87AE3FD}.AppStore|iPhoneSimulator.Build.0 = Debug|Any CPU
		{7662AB13-856A-42DE-A735-46A2A87AE3FD}.AppStore|x64.ActiveCfg = Debug|Any CPU
		{7662AB13-856A-42DE-A735-46A2A87AE3FD}.AppStore|x64.Build.0 = Debug|Any CPU
		{7662AB13-856A-42DE-A735-46A2A87AE3FD}.AppStore|x86.ActiveCfg = Debug|Any CPU
		{7662AB13-856A-42DE-A735-46A2A87AE3FD}.AppStore|x86.Build.0 = Debug|Any CPU
		{7662AB13-856A-42DE-A735-46A2A87AE3FD}.Debug|Any CPU.ActiveCfg = Debug|Any CPU
		{7662AB13-856A-42DE-A735-46A2A87AE3FD}.Debug|Any CPU.Build.0 = Debug|Any CPU
		{7662AB13-856A-42DE-A735-46A2A87AE3FD}.Debug|ARM.ActiveCfg = Debug|Any CPU
		{7662AB13-856A-42DE-A735-46A2A87AE3FD}.Debug|ARM.Build.0 = Debug|Any CPU
		{7662AB13-856A-42DE-A735-46A2A87AE3FD}.Debug|iPhone.ActiveCfg = Debug|Any CPU
		{7662AB13-856A-42DE-A735-46A2A87AE3FD}.Debug|iPhone.Build.0 = Debug|Any CPU
		{7662AB13-856A-42DE-A735-46A2A87AE3FD}.Debug|iPhoneSimulator.ActiveCfg = Debug|Any CPU
		{7662AB13-856A-42DE-A735-46A2A87AE3FD}.Debug|iPhoneSimulator.Build.0 = Debug|Any CPU
		{7662AB13-856A-42DE-A735-46A2A87AE3FD}.Debug|x64.ActiveCfg = Debug|Any CPU
		{7662AB13-856A-42DE-A735-46A2A87AE3FD}.Debug|x64.Build.0 = Debug|Any CPU
		{7662AB13-856A-42DE-A735-46A2A87AE3FD}.Debug|x86.ActiveCfg = Debug|Any CPU
		{7662AB13-856A-42DE-A735-46A2A87AE3FD}.Debug|x86.Build.0 = Debug|Any CPU
		{7662AB13-856A-42DE-A735-46A2A87AE3FD}.Release|Any CPU.ActiveCfg = Release|Any CPU
		{7662AB13-856A-42DE-A735-46A2A87AE3FD}.Release|Any CPU.Build.0 = Release|Any CPU
		{7662AB13-856A-42DE-A735-46A2A87AE3FD}.Release|ARM.ActiveCfg = Release|Any CPU
		{7662AB13-856A-42DE-A735-46A2A87AE3FD}.Release|ARM.Build.0 = Release|Any CPU
		{7662AB13-856A-42DE-A735-46A2A87AE3FD}.Release|iPhone.ActiveCfg = Release|Any CPU
		{7662AB13-856A-42DE-A735-46A2A87AE3FD}.Release|iPhone.Build.0 = Release|Any CPU
		{7662AB13-856A-42DE-A735-46A2A87AE3FD}.Release|iPhoneSimulator.ActiveCfg = Release|Any CPU
		{7662AB13-856A-42DE-A735-46A2A87AE3FD}.Release|iPhoneSimulator.Build.0 = Release|Any CPU
		{7662AB13-856A-42DE-A735-46A2A87AE3FD}.Release|x64.ActiveCfg = Release|Any CPU
		{7662AB13-856A-42DE-A735-46A2A87AE3FD}.Release|x64.Build.0 = Release|Any CPU
		{7662AB13-856A-42DE-A735-46A2A87AE3FD}.Release|x86.ActiveCfg = Release|Any CPU
		{7662AB13-856A-42DE-A735-46A2A87AE3FD}.Release|x86.Build.0 = Release|Any CPU
	EndGlobalSection
	GlobalSection(SolutionProperties) = preSolution
		HideSolutionNode = FALSE
	EndGlobalSection
	GlobalSection(ExtensibilityGlobals) = postSolution
		SolutionGuid = {2BD20541-9731-453D-8694-2A290B4FEE53}
	EndGlobalSection
EndGlobal
