
Microsoft Visual Studio Solution File, Format Version 12.00
# Visual Studio 15
VisualStudioVersion = 15.0.27924.0
MinimumVisualStudioVersion = 10.0.40219.1
Project("{FAE04EC0-301F-11D3-BF4B-00C04F79EFBC}") = "BooksApp-Windows", "BooksApp-Windows\BooksApp-Windows.csproj", "{4D04E56D-3641-40D8-ADAE-3FEEB982C2BC}"
EndProject
Project("{9A19103F-16F7-4668-BE54-9A1E7A4F7556}") = "BooksLib", "BooksLib\BooksLib.csproj", "{6FCAFE96-EFD7-475C-A4F7-B4ECB3B1FB3F}"
EndProject
Global
	GlobalSection(SolutionConfigurationPlatforms) = preSolution
		Debug|Any CPU = Debug|Any CPU
		Debug|ARM = Debug|ARM
		Debug|x64 = Debug|x64
		Debug|x86 = Debug|x86
		Release|Any CPU = Release|Any CPU
		Release|ARM = Release|ARM
		Release|x64 = Release|x64
		Release|x86 = Release|x86
	EndGlobalSection
	GlobalSection(ProjectConfigurationPlatforms) = postSolution
		{4D04E56D-3641-40D8-ADAE-3FEEB982C2BC}.Debug|Any CPU.ActiveCfg = Debug|x86
		{4D04E56D-3641-40D8-ADAE-3FEEB982C2BC}.Debug|Any CPU.Build.0 = Debug|x86
		{4D04E56D-3641-40D8-ADAE-3FEEB982C2BC}.Debug|Any CPU.Deploy.0 = Debug|x86
		{4D04E56D-3641-40D8-ADAE-3FEEB982C2BC}.Debug|ARM.ActiveCfg = Debug|ARM
		{4D04E56D-3641-40D8-ADAE-3FEEB982C2BC}.Debug|ARM.Build.0 = Debug|ARM
		{4D04E56D-3641-40D8-ADAE-3FEEB982C2BC}.Debug|ARM.Deploy.0 = Debug|ARM
		{4D04E56D-3641-40D8-ADAE-3FEEB982C2BC}.Debug|x64.ActiveCfg = Debug|x64
		{4D04E56D-3641-40D8-ADAE-3FEEB982C2BC}.Debug|x64.Build.0 = Debug|x64
		{4D04E56D-3641-40D8-ADAE-3FEEB982C2BC}.Debug|x64.Deploy.0 = Debug|x64
		{4D04E56D-3641-40D8-ADAE-3FEEB982C2BC}.Debug|x86.ActiveCfg = Debug|x86
		{4D04E56D-3641-40D8-ADAE-3FEEB982C2BC}.Debug|x86.Build.0 = Debug|x86
		{4D04E56D-3641-40D8-ADAE-3FEEB982C2BC}.Debug|x86.Deploy.0 = Debug|x86
		{4D04E56D-3641-40D8-ADAE-3FEEB982C2BC}.Release|Any CPU.ActiveCfg = Release|x86
		{4D04E56D-3641-40D8-ADAE-3FEEB982C2BC}.Release|ARM.ActiveCfg = Release|ARM
		{4D04E56D-3641-40D8-ADAE-3FEEB982C2BC}.Release|ARM.Build.0 = Release|ARM
		{4D04E56D-3641-40D8-ADAE-3FEEB982C2BC}.Release|ARM.Deploy.0 = Release|ARM
		{4D04E56D-3641-40D8-ADAE-3FEEB982C2BC}.Release|x64.ActiveCfg = Release|x64
		{4D04E56D-3641-40D8-ADAE-3FEEB982C2BC}.Release|x64.Build.0 = Release|x64
		{4D04E56D-3641-40D8-ADAE-3FEEB982C2BC}.Release|x64.Deploy.0 = Release|x64
		{4D04E56D-3641-40D8-ADAE-3FEEB982C2BC}.Release|x86.ActiveCfg = Release|x86
		{4D04E56D-3641-40D8-ADAE-3FEEB982C2BC}.Release|x86.Build.0 = Release|x86
		{4D04E56D-3641-40D8-ADAE-3FEEB982C2BC}.Release|x86.Deploy.0 = Release|x86
		{6FCAFE96-EFD7-475C-A4F7-B4ECB3B1FB3F}.Debug|Any CPU.ActiveCfg = Debug|Any CPU
		{6FCAFE96-EFD7-475C-A4F7-B4ECB3B1FB3F}.Debug|Any CPU.Build.0 = Debug|Any CPU
		{6FCAFE96-EFD7-475C-A4F7-B4ECB3B1FB3F}.Debug|ARM.ActiveCfg = Debug|Any CPU
		{6FCAFE96-EFD7-475C-A4F7-B4ECB3B1FB3F}.Debug|ARM.Build.0 = Debug|Any CPU
		{6FCAFE96-EFD7-475C-A4F7-B4ECB3B1FB3F}.Debug|x64.ActiveCfg = Debug|Any CPU
		{6FCAFE96-EFD7-475C-A4F7-B4ECB3B1FB3F}.Debug|x64.Build.0 = Debug|Any CPU
		{6FCAFE96-EFD7-475C-A4F7-B4ECB3B1FB3F}.Debug|x86.ActiveCfg = Debug|Any CPU
		{6FCAFE96-EFD7-475C-A4F7-B4ECB3B1FB3F}.Debug|x86.Build.0 = Debug|Any CPU
		{6FCAFE96-EFD7-475C-A4F7-B4ECB3B1FB3F}.Release|Any CPU.ActiveCfg = Release|Any CPU
		{6FCAFE96-EFD7-475C-A4F7-B4ECB3B1FB3F}.Release|Any CPU.Build.0 = Release|Any CPU
		{6FCAFE96-EFD7-475C-A4F7-B4ECB3B1FB3F}.Release|ARM.ActiveCfg = Release|Any CPU
		{6FCAFE96-EFD7-475C-A4F7-B4ECB3B1FB3F}.Release|ARM.Build.0 = Release|Any CPU
		{6FCAFE96-EFD7-475C-A4F7-B4ECB3B1FB3F}.Release|x64.ActiveCfg = Release|Any CPU
		{6FCAFE96-EFD7-475C-A4F7-B4ECB3B1FB3F}.Release|x64.Build.0 = Release|Any CPU
		{6FCAFE96-EFD7-475C-A4F7-B4ECB3B1FB3F}.Release|x86.ActiveCfg = Release|Any CPU
		{6FCAFE96-EFD7-475C-A4F7-B4ECB3B1FB3F}.Release|x86.Build.0 = Release|Any CPU
	EndGlobalSection
	GlobalSection(SolutionProperties) = preSolution
		HideSolutionNode = FALSE
	EndGlobalSection
	GlobalSection(ExtensibilityGlobals) = postSolution
		SolutionGuid = {2BD20541-9731-453D-8694-2A290B4FEE53}
	EndGlobalSection
EndGlobal
